// !$*UTF8*$!
{
	archiveVersion = 1;
	classes = {
	};
	objectVersion = 56;
	objects = {

/* Begin PBXBuildFile section */
		C11990F52B0A35C9006B4044 /* Star.swift in Sources */ = {isa = PBXBuildFile; fileRef = C11990F42B0A35C9006B4044 /* Star.swift */; };
		C11990F72B0A35D2006B4044 /* StarField.swift in Sources */ = {isa = PBXBuildFile; fileRef = C11990F62B0A35D2006B4044 /* StarField.swift */; };
		C11990F92B0A35DE006B4044 /* StarsView.swift in Sources */ = {isa = PBXBuildFile; fileRef = C11990F82B0A35DE006B4044 /* StarsView.swift */; };
		C11ADED72AE1757A009CE94D /* Color-Custom.swift in Sources */ = {isa = PBXBuildFile; fileRef = C11ADED62AE1757A009CE94D /* Color-Custom.swift */; };
		C11ADED92AE1799C009CE94D /* Array-GradientStop.swift in Sources */ = {isa = PBXBuildFile; fileRef = C11ADED82AE1799C009CE94D /* Array-GradientStop.swift */; };
		C11ADEDB2AE1812F009CE94D /* Color-Interpolation.swift in Sources */ = {isa = PBXBuildFile; fileRef = C11ADEDA2AE1812F009CE94D /* Color-Interpolation.swift */; };
		C16482F82AD8338F00A0E4CA /* WeatherApp.swift in Sources */ = {isa = PBXBuildFile; fileRef = C16482F72AD8338F00A0E4CA /* WeatherApp.swift */; };
		C16482FA2AD8338F00A0E4CA /* ContentView.swift in Sources */ = {isa = PBXBuildFile; fileRef = C16482F92AD8338F00A0E4CA /* ContentView.swift */; };
		C16482FC2AD8338F00A0E4CA /* Assets.xcassets in Resources */ = {isa = PBXBuildFile; fileRef = C16482FB2AD8338F00A0E4CA /* Assets.xcassets */; };
		C16482FF2AD8338F00A0E4CA /* Preview Assets.xcassets in Resources */ = {isa = PBXBuildFile; fileRef = C16482FE2AD8338F00A0E4CA /* Preview Assets.xcassets */; };
		C16483062AD8351E00A0E4CA /* Cloud.swift in Sources */ = {isa = PBXBuildFile; fileRef = C16483052AD8351E00A0E4CA /* Cloud.swift */; };
		C16483082AD8379500A0E4CA /* CloudGroup.swift in Sources */ = {isa = PBXBuildFile; fileRef = C16483072AD8379500A0E4CA /* CloudGroup.swift */; };
		C164830A2AD83AC700A0E4CA /* CloudsView.swift in Sources */ = {isa = PBXBuildFile; fileRef = C16483092AD83AC700A0E4CA /* CloudsView.swift */; };
		C1AE249A2B10EE7A0011F053 /* Storm.swift in Sources */ = {isa = PBXBuildFile; fileRef = C1AE24992B10EE7A0011F053 /* Storm.swift */; };
		C1AE249C2B10EECC0011F053 /* StormDrop.swift in Sources */ = {isa = PBXBuildFile; fileRef = C1AE249B2B10EECC0011F053 /* StormDrop.swift */; };
		C1AE249E2B10F6E20011F053 /* StormView.swift in Sources */ = {isa = PBXBuildFile; fileRef = C1AE249D2B10F6E20011F053 /* StormView.swift */; };
		C1AE24A02B111C1C0011F053 /* ResidueDrop.swift in Sources */ = {isa = PBXBuildFile; fileRef = C1AE249F2B111C1C0011F053 /* ResidueDrop.swift */; };
		C1AE24A22B111F1F0011F053 /* Residue.swift in Sources */ = {isa = PBXBuildFile; fileRef = C1AE24A12B111F1F0011F053 /* Residue.swift */; };
		C1AE24A42B1125570011F053 /* ResidueView.swift in Sources */ = {isa = PBXBuildFile; fileRef = C1AE24A32B1125570011F053 /* ResidueView.swift */; };
		C1AE24A62B1127E00011F053 /* WeatherDetailsView.swift in Sources */ = {isa = PBXBuildFile; fileRef = C1AE24A52B1127E00011F053 /* WeatherDetailsView.swift */; };
/* End PBXBuildFile section */

/* Begin PBXFileReference section */
		C11990F42B0A35C9006B4044 /* Star.swift */ = {isa = PBXFileReference; lastKnownFileType = sourcecode.swift; path = Star.swift; sourceTree = "<group>"; };
		C11990F62B0A35D2006B4044 /* StarField.swift */ = {isa = PBXFileReference; lastKnownFileType = sourcecode.swift; path = StarField.swift; sourceTree = "<group>"; };
		C11990F82B0A35DE006B4044 /* StarsView.swift */ = {isa = PBXFileReference; lastKnownFileType = sourcecode.swift; path = StarsView.swift; sourceTree = "<group>"; };
		C11ADED62AE1757A009CE94D /* Color-Custom.swift */ = {isa = PBXFileReference; lastKnownFileType = sourcecode.swift; path = "Color-Custom.swift"; sourceTree = "<group>"; };
		C11ADED82AE1799C009CE94D /* Array-GradientStop.swift */ = {isa = PBXFileReference; lastKnownFileType = sourcecode.swift; path = "Array-GradientStop.swift"; sourceTree = "<group>"; };
		C11ADEDA2AE1812F009CE94D /* Color-Interpolation.swift */ = {isa = PBXFileReference; lastKnownFileType = sourcecode.swift; path = "Color-Interpolation.swift"; sourceTree = "<group>"; };
		C16482F42AD8338F00A0E4CA /* Weather.app */ = {isa = PBXFileReference; explicitFileType = wrapper.application; includeInIndex = 0; path = Weather.app; sourceTree = BUILT_PRODUCTS_DIR; };
		C16482F72AD8338F00A0E4CA /* WeatherApp.swift */ = {isa = PBXFileReference; lastKnownFileType = sourcecode.swift; path = WeatherApp.swift; sourceTree = "<group>"; };
		C16482F92AD8338F00A0E4CA /* ContentView.swift */ = {isa = PBXFileReference; lastKnownFileType = sourcecode.swift; path = ContentView.swift; sourceTree = "<group>"; };
		C16482FB2AD8338F00A0E4CA /* Assets.xcassets */ = {isa = PBXFileReference; lastKnownFileType = folder.assetcatalog; path = Assets.xcassets; sourceTree = "<group>"; };
		C16482FE2AD8338F00A0E4CA /* Preview Assets.xcassets */ = {isa = PBXFileReference; lastKnownFileType = folder.assetcatalog; path = "Preview Assets.xcassets"; sourceTree = "<group>"; };
		C16483052AD8351E00A0E4CA /* Cloud.swift */ = {isa = PBXFileReference; lastKnownFileType = sourcecode.swift; path = Cloud.swift; sourceTree = "<group>"; };
		C16483072AD8379500A0E4CA /* CloudGroup.swift */ = {isa = PBXFileReference; lastKnownFileType = sourcecode.swift; path = CloudGroup.swift; sourceTree = "<group>"; };
		C16483092AD83AC700A0E4CA /* CloudsView.swift */ = {isa = PBXFileReference; lastKnownFileType = sourcecode.swift; path = CloudsView.swift; sourceTree = "<group>"; };
		C1AE24992B10EE7A0011F053 /* Storm.swift */ = {isa = PBXFileReference; lastKnownFileType = sourcecode.swift; path = Storm.swift; sourceTree = "<group>"; };
		C1AE249B2B10EECC0011F053 /* StormDrop.swift */ = {isa = PBXFileReference; lastKnownFileType = sourcecode.swift; path = StormDrop.swift; sourceTree = "<group>"; };
		C1AE249D2B10F6E20011F053 /* StormView.swift */ = {isa = PBXFileReference; lastKnownFileType = sourcecode.swift; path = StormView.swift; sourceTree = "<group>"; };
		C1AE249F2B111C1C0011F053 /* ResidueDrop.swift */ = {isa = PBXFileReference; lastKnownFileType = sourcecode.swift; path = ResidueDrop.swift; sourceTree = "<group>"; };
		C1AE24A12B111F1F0011F053 /* Residue.swift */ = {isa = PBXFileReference; lastKnownFileType = sourcecode.swift; path = Residue.swift; sourceTree = "<group>"; };
		C1AE24A32B1125570011F053 /* ResidueView.swift */ = {isa = PBXFileReference; lastKnownFileType = sourcecode.swift; path = ResidueView.swift; sourceTree = "<group>"; };
		C1AE24A52B1127E00011F053 /* WeatherDetailsView.swift */ = {isa = PBXFileReference; lastKnownFileType = sourcecode.swift; path = WeatherDetailsView.swift; sourceTree = "<group>"; };
/* End PBXFileReference section */

/* Begin PBXFrameworksBuildPhase section */
		C16482F12AD8338F00A0E4CA /* Frameworks */ = {
			isa = PBXFrameworksBuildPhase;
			buildActionMask = 2147483647;
			files = (
			);
			runOnlyForDeploymentPostprocessing = 0;
		};
/* End PBXFrameworksBuildPhase section */

/* Begin PBXGroup section */
		C16482EB2AD8338F00A0E4CA = {
			isa = PBXGroup;
			children = (
				C16482F62AD8338F00A0E4CA /* Weather */,
				C16482F52AD8338F00A0E4CA /* Products */,
			);
			sourceTree = "<group>";
		};
		C16482F52AD8338F00A0E4CA /* Products */ = {
			isa = PBXGroup;
			children = (
				C16482F42AD8338F00A0E4CA /* Weather.app */,
			);
			name = Products;
			sourceTree = "<group>";
		};
		C16482F62AD8338F00A0E4CA /* Weather */ = {
			isa = PBXGroup;
			children = (
				C16482F72AD8338F00A0E4CA /* WeatherApp.swift */,
				C16482F92AD8338F00A0E4CA /* ContentView.swift */,
				C1AE24A52B1127E00011F053 /* WeatherDetailsView.swift */,
				C16483052AD8351E00A0E4CA /* Cloud.swift */,
				C16483072AD8379500A0E4CA /* CloudGroup.swift */,
				C16483092AD83AC700A0E4CA /* CloudsView.swift */,
				C11990F42B0A35C9006B4044 /* Star.swift */,
				C11990F62B0A35D2006B4044 /* StarField.swift */,
				C11990F82B0A35DE006B4044 /* StarsView.swift */,
				C1AE24992B10EE7A0011F053 /* Storm.swift */,
				C1AE249D2B10F6E20011F053 /* StormView.swift */,
				C1AE249B2B10EECC0011F053 /* StormDrop.swift */,
				C1AE24A12B111F1F0011F053 /* Residue.swift */,
				C1AE24A32B1125570011F053 /* ResidueView.swift */,
				C1AE249F2B111C1C0011F053 /* ResidueDrop.swift */,
				C11ADED62AE1757A009CE94D /* Color-Custom.swift */,
				C11ADEDA2AE1812F009CE94D /* Color-Interpolation.swift */,
				C11ADED82AE1799C009CE94D /* Array-GradientStop.swift */,
				C16482FB2AD8338F00A0E4CA /* Assets.xcassets */,
				C16482FD2AD8338F00A0E4CA /* Preview Content */,
			);
			path = Weather;
			sourceTree = "<group>";
		};
		C16482FD2AD8338F00A0E4CA /* Preview Content */ = {
			isa = PBXGroup;
			children = (
				C16482FE2AD8338F00A0E4CA /* Preview Assets.xcassets */,
			);
			path = "Preview Content";
			sourceTree = "<group>";
		};
/* End PBXGroup section */

/* Begin PBXNativeTarget section */
		C16482F32AD8338F00A0E4CA /* Weather */ = {
			isa = PBXNativeTarget;
			buildConfigurationList = C16483022AD8338F00A0E4CA /* Build configuration list for PBXNativeTarget "Weather" */;
			buildPhases = (
				C16482F02AD8338F00A0E4CA /* Sources */,
				C16482F12AD8338F00A0E4CA /* Frameworks */,
				C16482F22AD8338F00A0E4CA /* Resources */,
			);
			buildRules = (
			);
			dependencies = (
			);
			name = Weather;
			productName = Weather;
			productReference = C16482F42AD8338F00A0E4CA /* Weather.app */;
			productType = "com.apple.product-type.application";
		};
/* End PBXNativeTarget section */

/* Begin PBXProject section */
		C16482EC2AD8338F00A0E4CA /* Project object */ = {
			isa = PBXProject;
			attributes = {
				BuildIndependentTargetsInParallel = 1;
				LastSwiftUpdateCheck = 1500;
				LastUpgradeCheck = 1500;
				TargetAttributes = {
					C16482F32AD8338F00A0E4CA = {
						CreatedOnToolsVersion = 15.0;
					};
				};
			};
			buildConfigurationList = C16482EF2AD8338F00A0E4CA /* Build configuration list for PBXProject "Weather" */;
			compatibilityVersion = "Xcode 14.0";
			developmentRegion = en;
			hasScannedForEncodings = 0;
			knownRegions = (
				en,
				Base,
			);
			mainGroup = C16482EB2AD8338F00A0E4CA;
			productRefGroup = C16482F52AD8338F00A0E4CA /* Products */;
			projectDirPath = "";
			projectRoot = "";
			targets = (
				C16482F32AD8338F00A0E4CA /* Weather */,
			);
		};
/* End PBXProject section */

/* Begin PBXResourcesBuildPhase section */
		C16482F22AD8338F00A0E4CA /* Resources */ = {
			isa = PBXResourcesBuildPhase;
			buildActionMask = 2147483647;
			files = (
				C16482FF2AD8338F00A0E4CA /* Preview Assets.xcassets in Resources */,
				C16482FC2AD8338F00A0E4CA /* Assets.xcassets in Resources */,
			);
			runOnlyForDeploymentPostprocessing = 0;
		};
/* End PBXResourcesBuildPhase section */

/* Begin PBXSourcesBuildPhase section */
		C16482F02AD8338F00A0E4CA /* Sources */ = {
			isa = PBXSourcesBuildPhase;
			buildActionMask = 2147483647;
			files = (
				C1AE249C2B10EECC0011F053 /* StormDrop.swift in Sources */,
				C11990F52B0A35C9006B4044 /* Star.swift in Sources */,
				C1AE24A02B111C1C0011F053 /* ResidueDrop.swift in Sources */,
				C11ADEDB2AE1812F009CE94D /* Color-Interpolation.swift in Sources */,
				C16482FA2AD8338F00A0E4CA /* ContentView.swift in Sources */,
				C1AE249A2B10EE7A0011F053 /* Storm.swift in Sources */,
				C16483062AD8351E00A0E4CA /* Cloud.swift in Sources */,
				C1AE249E2B10F6E20011F053 /* StormView.swift in Sources */,
				C1AE24A62B1127E00011F053 /* WeatherDetailsView.swift in Sources */,
				C11ADED72AE1757A009CE94D /* Color-Custom.swift in Sources */,
				C1AE24A22B111F1F0011F053 /* Residue.swift in Sources */,
				C1AE24A42B1125570011F053 /* ResidueView.swift in Sources */,
				C16482F82AD8338F00A0E4CA /* WeatherApp.swift in Sources */,
				C11990F72B0A35D2006B4044 /* StarField.swift in Sources */,
				C11ADED92AE1799C009CE94D /* Array-GradientStop.swift in Sources */,
				C16483082AD8379500A0E4CA /* CloudGroup.swift in Sources */,
				C11990F92B0A35DE006B4044 /* StarsView.swift in Sources */,
				C164830A2AD83AC700A0E4CA /* CloudsView.swift in Sources */,
			);
			runOnlyForDeploymentPostprocessing = 0;
		};
/* End PBXSourcesBuildPhase section */

/* Begin XCBuildConfiguration section */
		C16483002AD8338F00A0E4CA /* Debug */ = {
			isa = XCBuildConfiguration;
			buildSettings = {
				ALWAYS_SEARCH_USER_PATHS = NO;
				ASSETCATALOG_COMPILER_GENERATE_SWIFT_ASSET_SYMBOL_EXTENSIONS = YES;
				CLANG_ANALYZER_NONNULL = YES;
				CLANG_ANALYZER_NUMBER_OBJECT_CONVERSION = YES_AGGRESSIVE;
				CLANG_CXX_LANGUAGE_STANDARD = "gnu++20";
				CLANG_ENABLE_MODULES = YES;
				CLANG_ENABLE_OBJC_ARC = YES;
				CLANG_ENABLE_OBJC_WEAK = YES;
				CLANG_WARN_BLOCK_CAPTURE_AUTORELEASING = YES;
				CLANG_WARN_BOOL_CONVERSION = YES;
				CLANG_WARN_COMMA = YES;
				CLANG_WARN_CONSTANT_CONVERSION = YES;
				CLANG_WARN_DEPRECATED_OBJC_IMPLEMENTATIONS = YES;
				CLANG_WARN_DIRECT_OBJC_ISA_USAGE = YES_ERROR;
				CLANG_WARN_DOCUMENTATION_COMMENTS = YES;
				CLANG_WARN_EMPTY_BODY = YES;
				CLANG_WARN_ENUM_CONVERSION = YES;
				CLANG_WARN_INFINITE_RECURSION = YES;
				CLANG_WARN_INT_CONVERSION = YES;
				CLANG_WARN_NON_LITERAL_NULL_CONVERSION = YES;
				CLANG_WARN_OBJC_IMPLICIT_RETAIN_SELF = YES;
				CLANG_WARN_OBJC_LITERAL_CONVERSION = YES;
				CLANG_WARN_OBJC_ROOT_CLASS = YES_ERROR;
				CLANG_WARN_QUOTED_INCLUDE_IN_FRAMEWORK_HEADER = YES;
				CLANG_WARN_RANGE_LOOP_ANALYSIS = YES;
				CLANG_WARN_STRICT_PROTOTYPES = YES;
				CLANG_WARN_SUSPICIOUS_MOVE = YES;
				CLANG_WARN_UNGUARDED_AVAILABILITY = YES_AGGRESSIVE;
				CLANG_WARN_UNREACHABLE_CODE = YES;
				CLANG_WARN__DUPLICATE_METHOD_MATCH = YES;
				COPY_PHASE_STRIP = NO;
				DEBUG_INFORMATION_FORMAT = dwarf;
				ENABLE_STRICT_OBJC_MSGSEND = YES;
				ENABLE_TESTABILITY = YES;
				ENABLE_USER_SCRIPT_SANDBOXING = YES;
				GCC_C_LANGUAGE_STANDARD = gnu17;
				GCC_DYNAMIC_NO_PIC = NO;
				GCC_NO_COMMON_BLOCKS = YES;
				GCC_OPTIMIZATION_LEVEL = 0;
				GCC_PREPROCESSOR_DEFINITIONS = (
					"DEBUG=1",
					"$(inherited)",
				);
				GCC_WARN_64_TO_32_BIT_CONVERSION = YES;
				GCC_WARN_ABOUT_RETURN_TYPE = YES_ERROR;
				GCC_WARN_UNDECLARED_SELECTOR = YES;
				GCC_WARN_UNINITIALIZED_AUTOS = YES_AGGRESSIVE;
				GCC_WARN_UNUSED_FUNCTION = YES;
				GCC_WARN_UNUSED_VARIABLE = YES;
				IPHONEOS_DEPLOYMENT_TARGET = 17.0;
				LOCALIZATION_PREFERS_STRING_CATALOGS = YES;
				MTL_ENABLE_DEBUG_INFO = INCLUDE_SOURCE;
				MTL_FAST_MATH = YES;
				ONLY_ACTIVE_ARCH = YES;
				SDKROOT = iphoneos;
				SWIFT_ACTIVE_COMPILATION_CONDITIONS = "DEBUG $(inherited)";
				SWIFT_OPTIMIZATION_LEVEL = "-Onone";
			};
			name = Debug;
		};
		C16483012AD8338F00A0E4CA /* Release */ = {
			isa = XCBuildConfiguration;
			buildSettings = {
				ALWAYS_SEARCH_USER_PATHS = NO;
				ASSETCATALOG_COMPILER_GENERATE_SWIFT_ASSET_SYMBOL_EXTENSIONS = YES;
				CLANG_ANALYZER_NONNULL = YES;
				CLANG_ANALYZER_NUMBER_OBJECT_CONVERSION = YES_AGGRESSIVE;
				CLANG_CXX_LANGUAGE_STANDARD = "gnu++20";
				CLANG_ENABLE_MODULES = YES;
				CLANG_ENABLE_OBJC_ARC = YES;
				CLANG_ENABLE_OBJC_WEAK = YES;
				CLANG_WARN_BLOCK_CAPTURE_AUTORELEASING = YES;
				CLANG_WARN_BOOL_CONVERSION = YES;
				CLANG_WARN_COMMA = YES;
				CLANG_WARN_CONSTANT_CONVERSION = YES;
				CLANG_WARN_DEPRECATED_OBJC_IMPLEMENTATIONS = YES;
				CLANG_WARN_DIRECT_OBJC_ISA_USAGE = YES_ERROR;
				CLANG_WARN_DOCUMENTATION_COMMENTS = YES;
				CLANG_WARN_EMPTY_BODY = YES;
				CLANG_WARN_ENUM_CONVERSION = YES;
				CLANG_WARN_INFINITE_RECURSION = YES;
				CLANG_WARN_INT_CONVERSION = YES;
				CLANG_WARN_NON_LITERAL_NULL_CONVERSION = YES;
				CLANG_WARN_OBJC_IMPLICIT_RETAIN_SELF = YES;
				CLANG_WARN_OBJC_LITERAL_CONVERSION = YES;
				CLANG_WARN_OBJC_ROOT_CLASS = YES_ERROR;
				CLANG_WARN_QUOTED_INCLUDE_IN_FRAMEWORK_HEADER = YES;
				CLANG_WARN_RANGE_LOOP_ANALYSIS = YES;
				CLANG_WARN_STRICT_PROTOTYPES = YES;
				CLANG_WARN_SUSPICIOUS_MOVE = YES;
				CLANG_WARN_UNGUARDED_AVAILABILITY = YES_AGGRESSIVE;
				CLANG_WARN_UNREACHABLE_CODE = YES;
				CLANG_WARN__DUPLICATE_METHOD_MATCH = YES;
				COPY_PHASE_STRIP = NO;
				DEBUG_INFORMATION_FORMAT = "dwarf-with-dsym";
				ENABLE_NS_ASSERTIONS = NO;
				ENABLE_STRICT_OBJC_MSGSEND = YES;
				ENABLE_USER_SCRIPT_SANDBOXING = YES;
				GCC_C_LANGUAGE_STANDARD = gnu17;
				GCC_NO_COMMON_BLOCKS = YES;
				GCC_WARN_64_TO_32_BIT_CONVERSION = YES;
				GCC_WARN_ABOUT_RETURN_TYPE = YES_ERROR;
				GCC_WARN_UNDECLARED_SELECTOR = YES;
				GCC_WARN_UNINITIALIZED_AUTOS = YES_AGGRESSIVE;
				GCC_WARN_UNUSED_FUNCTION = YES;
				GCC_WARN_UNUSED_VARIABLE = YES;
				IPHONEOS_DEPLOYMENT_TARGET = 17.0;
				LOCALIZATION_PREFERS_STRING_CATALOGS = YES;
				MTL_ENABLE_DEBUG_INFO = NO;
				MTL_FAST_MATH = YES;
				SDKROOT = iphoneos;
				SWIFT_COMPILATION_MODE = wholemodule;
				VALIDATE_PRODUCT = YES;
			};
			name = Release;
		};
		C16483032AD8338F00A0E4CA /* Debug */ = {
			isa = XCBuildConfiguration;
			buildSettings = {
				ASSETCATALOG_COMPILER_APPICON_NAME = AppIcon;
				ASSETCATALOG_COMPILER_GLOBAL_ACCENT_COLOR_NAME = AccentColor;
				CODE_SIGN_STYLE = Automatic;
				CURRENT_PROJECT_VERSION = 1;
				DEVELOPMENT_ASSET_PATHS = "\"Weather/Preview Content\"";
				DEVELOPMENT_TEAM = M6RSUA6A9T;
				ENABLE_PREVIEWS = YES;
				GENERATE_INFOPLIST_FILE = YES;
				INFOPLIST_KEY_UIApplicationSceneManifest_Generation = YES;
				INFOPLIST_KEY_UIApplicationSupportsIndirectInputEvents = YES;
				INFOPLIST_KEY_UILaunchScreen_Generation = YES;
				INFOPLIST_KEY_UISupportedInterfaceOrientations_iPad = "UIInterfaceOrientationPortrait UIInterfaceOrientationPortraitUpsideDown UIInterfaceOrientationLandscapeLeft UIInterfaceOrientationLandscapeRight";
				INFOPLIST_KEY_UISupportedInterfaceOrientations_iPhone = "UIInterfaceOrientationPortrait UIInterfaceOrientationLandscapeLeft UIInterfaceOrientationLandscapeRight";
				LD_RUNPATH_SEARCH_PATHS = (
					"$(inherited)",
					"@executable_path/Frameworks",
				);
				MARKETING_VERSION = 1.0;
				PRODUCT_BUNDLE_IDENTIFIER = me.gurbanova.julia.Weather;
				PRODUCT_NAME = "$(TARGET_NAME)";
				SWIFT_EMIT_LOC_STRINGS = YES;
				SWIFT_VERSION = 5.0;
				TARGETED_DEVICE_FAMILY = "1,2";
			};
			name = Debug;
		};
		C16483042AD8338F00A0E4CA /* Release */ = {
			isa = XCBuildConfiguration;
			buildSettings = {
				ASSETCATALOG_COMPILER_APPICON_NAME = AppIcon;
				ASSETCATALOG_COMPILER_GLOBAL_ACCENT_COLOR_NAME = AccentColor;
				CODE_SIGN_STYLE = Automatic;
				CURRENT_PROJECT_VERSION = 1;
				DEVELOPMENT_ASSET_PATHS = "\"Weather/Preview Content\"";
				DEVELOPMENT_TEAM = M6RSUA6A9T;
				ENABLE_PREVIEWS = YES;
				GENERATE_INFOPLIST_FILE = YES;
				INFOPLIST_KEY_UIApplicationSceneManifest_Generation = YES;
				INFOPLIST_KEY_UIApplicationSupportsIndirectInputEvents = YES;
				INFOPLIST_KEY_UILaunchScreen_Generation = YES;
				INFOPLIST_KEY_UISupportedInterfaceOrientations_iPad = "UIInterfaceOrientationPortrait UIInterfaceOrientationPortraitUpsideDown UIInterfaceOrientationLandscapeLeft UIInterfaceOrientationLandscapeRight";
				INFOPLIST_KEY_UISupportedInterfaceOrientations_iPhone = "UIInterfaceOrientationPortrait UIInterfaceOrientationLandscapeLeft UIInterfaceOrientationLandscapeRight";
				LD_RUNPATH_SEARCH_PATHS = (
					"$(inherited)",
					"@executable_path/Frameworks",
				);
				MARKETING_VERSION = 1.0;
				PRODUCT_BUNDLE_IDENTIFIER = me.gurbanova.julia.Weather;
				PRODUCT_NAME = "$(TARGET_NAME)";
				SWIFT_EMIT_LOC_STRINGS = YES;
				SWIFT_VERSION = 5.0;
				TARGETED_DEVICE_FAMILY = "1,2";
			};
			name = Release;
		};
/* End XCBuildConfiguration section */

/* Begin XCConfigurationList section */
		C16482EF2AD8338F00A0E4CA /* Build configuration list for PBXProject "Weather" */ = {
			isa = XCConfigurationList;
			buildConfigurations = (
				C16483002AD8338F00A0E4CA /* Debug */,
				C16483012AD8338F00A0E4CA /* Release */,
			);
			defaultConfigurationIsVisible = 0;
			defaultConfigurationName = Release;
		};
		C16483022AD8338F00A0E4CA /* Build configuration list for PBXNativeTarget "Weather" */ = {
			isa = XCConfigurationList;
			buildConfigurations = (
				C16483032AD8338F00A0E4CA /* Debug */,
				C16483042AD8338F00A0E4CA /* Release */,
			);
			defaultConfigurationIsVisible = 0;
			defaultConfigurationName = Release;
		};
/* End XCConfigurationList section */
	};
	rootObject = C16482EC2AD8338F00A0E4CA /* Project object */;
}
